{"_meta":{"file-type":"spack-lockfile","lockfile-version":5,"specfile-version":4},"spack":{"version":"0.23.0.dev0","type":"git","commit":"f242e0fd0cf2d5e26204aed0f780b85246416bb0"},"roots":[{"hash":"4zneh2l6k6vlaz3i524xb4vp5fbuffmj","spec":"chfs~pmemkv"}],"concrete_specs":{"4zneh2l6k6vlaz3i524xb4vp5fbuffmj":{"name":"chfs","version":"3.0.1","arch":{"platform":"linux","platform_os":"ubuntu22.04","target":{"name":"zen4","vendor":"AuthenticAMD","features":["abm","aes","avx","avx2","avx512_bf16","avx512_bitalg","avx512_vbmi2","avx512_vnni","avx512_vpopcntdq","avx512bw","avx512cd","avx512dq","avx512f","avx512ifma","avx512vbmi","avx512vl","bmi1","bmi2","clflushopt","clwb","clzero","cx16","f16c","flush_l1d","fma","fsgsbase","gfni","mmx","movbe","pclmulqdq","pku","popcnt","rdseed","sse","sse2","sse4_1","sse4_2","sse4a","ssse3","vaes","vpclmulqdq","xsavec","xsaveopt"],"generation":0,"parents":["zen3","x86_64_v4"]}},"compiler":{"name":"gcc","version":"11.4.0"},"namespace":"tsukuba-hpcs","parameters":{"build_system":"autotools","pandoc":false,"pmemkv":false,"verbs":true,"cflags":[],"cppflags":[],"cxxflags":[],"fflags":[],"ldflags":[],"ldlibs":[]},"package_hash":"744zmk6pktinmmxern33iawgt6g2xmxfsykzmb34jbr4cxzsjxjq====","dependencies":[{"name":"autoconf","hash":"x2s6jjhh2tsojgyx3pnxbrymgvo775xg","parameters":{"deptypes":["build"],"virtuals":[]}},{"name":"automake","hash":"waw43yqc6eoddmup5m6a4bp52qz6ocu5","parameters":{"deptypes":["build"],"virtuals":[]}},{"name":"gcc-runtime","hash":"agt2ux2ntihxqtvwp23ma7ttyiqk5rtb","parameters":{"deptypes":["link"],"virtuals":[]}},{"name":"glibc","hash":"yc3jrek434ak2k3zc6laj2vdk2xmmddm","parameters":{"deptypes":["link"],"virtuals":["libc"]}},{"name":"gmake","hash":"pzszunjnbcbhbae634dhlvqphb5tvvi4","parameters":{"deptypes":["build"],"virtuals":[]}},{"name":"libfabric","hash":"d6rilyzzyc7u5uw42oscj4fbbjns75qs","parameters":{"deptypes":["build","link"],"virtuals":[]}},{"name":"libfuse","hash":"fkccsnclp3qqfbqnjpdb5pl7326qtpck","parameters":{"deptypes":["build","link"],"virtuals":[]}},{"name":"libtool","hash":"my3cuuezucjuqtbulr5h7z65y476ebk2","parameters":{"deptypes":["build"],"virtuals":[]}},{"name":"mochi-margo","hash":"k3txaje3vewuien2ugwwzuppo3kjlxxd","parameters":{"deptypes":["build","link"],"virtuals":[]}},{"name":"pkgconf","hash":"iyg5rsmdu2hqpbc7qillgwl72uf2cugs","parameters":{"deptypes":["build"],"virtuals":["pkgconfig"]}}],"hash":"4zneh2l6k6vlaz3i524xb4vp5fbuffmj"},"x2s6jjhh2tsojgyx3pnxbrymgvo775xg":{"name":"autoconf","version":"2.71","arch":{"platform":"linux","platform_os":"ubuntu22.04","target":{"name":"zen4","vendor":"AuthenticAMD","features":["abm","aes","avx","avx2","avx512_bf16","avx512_bitalg","avx512_vbmi2","avx512_vnni","avx512_vpopcntdq","avx512bw","avx512cd","avx512dq","avx512f","avx512ifma","avx512vbmi","avx512vl","bmi1","bmi2","clflushopt","clwb","clzero","cx16","f16c","flush_l1d","fma","fsgsbase","gfni","mmx","movbe","pclmulqdq","pku","popcnt","rdseed","sse","sse2","sse4_1","sse4_2","sse4a","ssse3","vaes","vpclmulqdq","xsavec","xsaveopt"],"generation":0,"parents":["zen3","x86_64_v4"]}},"compiler":{"name":"gcc","version":"12.3.0"},"namespace":"builtin","parameters":{"build_system":"autotools","cflags":[],"cppflags":[],"cxxflags":[],"fflags":[],"ldflags":[],"ldlibs":[]},"external":{"path":"/usr","module":null,"extra_attributes":{}},"package_hash":"odrqabb2wbyxuttpdhhamqazvk2oyfsbv2f4edx7qgdlwu3vjgaa====","hash":"x2s6jjhh2tsojgyx3pnxbrymgvo775xg"},"waw43yqc6eoddmup5m6a4bp52qz6ocu5":{"name":"automake","version":"1.16.5","arch":{"platform":"linux","platform_os":"ubuntu22.04","target":{"name":"zen4","vendor":"AuthenticAMD","features":["abm","aes","avx","avx2","avx512_bf16","avx512_bitalg","avx512_vbmi2","avx512_vnni","avx512_vpopcntdq","avx512bw","avx512cd","avx512dq","avx512f","avx512ifma","avx512vbmi","avx512vl","bmi1","bmi2","clflushopt","clwb","clzero","cx16","f16c","flush_l1d","fma","fsgsbase","gfni","mmx","movbe","pclmulqdq","pku","popcnt","rdseed","sse","sse2","sse4_1","sse4_2","sse4a","ssse3","vaes","vpclmulqdq","xsavec","xsaveopt"],"generation":0,"parents":["zen3","x86_64_v4"]}},"compiler":{"name":"gcc","version":"12.3.0"},"namespace":"builtin","parameters":{"build_system":"autotools","cflags":[],"cppflags":[],"cxxflags":[],"fflags":[],"ldflags":[],"ldlibs":[]},"external":{"path":"/usr","module":null,"extra_attributes":{}},"package_hash":"mwdviv4g6xu2ttfs6dnzmwbofpxa4vke3y5egbb6w4fesykvnbda====","hash":"waw43yqc6eoddmup5m6a4bp52qz6ocu5"},"agt2ux2ntihxqtvwp23ma7ttyiqk5rtb":{"name":"gcc-runtime","version":"12.3.0","arch":{"platform":"linux","platform_os":"ubuntu22.04","target":{"name":"zen4","vendor":"AuthenticAMD","features":["abm","aes","avx","avx2","avx512_bf16","avx512_bitalg","avx512_vbmi2","avx512_vnni","avx512_vpopcntdq","avx512bw","avx512cd","avx512dq","avx512f","avx512ifma","avx512vbmi","avx512vl","bmi1","bmi2","clflushopt","clwb","clzero","cx16","f16c","flush_l1d","fma","fsgsbase","gfni","mmx","movbe","pclmulqdq","pku","popcnt","rdseed","sse","sse2","sse4_1","sse4_2","sse4a","ssse3","vaes","vpclmulqdq","xsavec","xsaveopt"],"generation":0,"parents":["zen3","x86_64_v4"]}},"compiler":{"name":"gcc","version":"12.3.0"},"namespace":"builtin","parameters":{"build_system":"generic","cflags":[],"cppflags":[],"cxxflags":[],"fflags":[],"ldflags":[],"ldlibs":[]},"package_hash":"se7e7lu5ega7wrxwwnhpwjp2fsl4u277hopdz2lw7bwhatp22soq====","dependencies":[{"name":"glibc","hash":"ymvjun5n5lt2ya3vpkq5cjiymguv44z3","parameters":{"deptypes":["link"],"virtuals":["libc"]}}],"hash":"agt2ux2ntihxqtvwp23ma7ttyiqk5rtb"},"ymvjun5n5lt2ya3vpkq5cjiymguv44z3":{"name":"glibc","version":"2.35","arch":{"platform":"linux","platform_os":"ubuntu22.04","target":{"name":"zen4","vendor":"AuthenticAMD","features":["abm","aes","avx","avx2","avx512_bf16","avx512_bitalg","avx512_vbmi2","avx512_vnni","avx512_vpopcntdq","avx512bw","avx512cd","avx512dq","avx512f","avx512ifma","avx512vbmi","avx512vl","bmi1","bmi2","clflushopt","clwb","clzero","cx16","f16c","flush_l1d","fma","fsgsbase","gfni","mmx","movbe","pclmulqdq","pku","popcnt","rdseed","sse","sse2","sse4_1","sse4_2","sse4a","ssse3","vaes","vpclmulqdq","xsavec","xsaveopt"],"generation":0,"parents":["zen3","x86_64_v4"]}},"compiler":{"name":"gcc","version":"12.3.0"},"namespace":"builtin","parameters":{"build_system":"autotools","cflags":[],"cppflags":[],"cxxflags":[],"fflags":[],"ldflags":[],"ldlibs":[]},"external":{"path":"/usr","module":null,"extra_attributes":{}},"package_hash":"6fpf3zdg7hq5rihyyy2uqirjv4cz6bqwuhxackeq22cszeyklvua====","hash":"ymvjun5n5lt2ya3vpkq5cjiymguv44z3"},"yc3jrek434ak2k3zc6laj2vdk2xmmddm":{"name":"glibc","version":"2.35","arch":{"platform":"linux","platform_os":"ubuntu22.04","target":{"name":"zen4","vendor":"AuthenticAMD","features":["abm","aes","avx","avx2","avx512_bf16","avx512_bitalg","avx512_vbmi2","avx512_vnni","avx512_vpopcntdq","avx512bw","avx512cd","avx512dq","avx512f","avx512ifma","avx512vbmi","avx512vl","bmi1","bmi2","clflushopt","clwb","clzero","cx16","f16c","flush_l1d","fma","fsgsbase","gfni","mmx","movbe","pclmulqdq","pku","popcnt","rdseed","sse","sse2","sse4_1","sse4_2","sse4a","ssse3","vaes","vpclmulqdq","xsavec","xsaveopt"],"generation":0,"parents":["zen3","x86_64_v4"]}},"compiler":{"name":"gcc","version":"11.4.0"},"namespace":"builtin","parameters":{"build_system":"autotools","cflags":[],"cppflags":[],"cxxflags":[],"fflags":[],"ldflags":[],"ldlibs":[]},"external":{"path":"/usr","module":null,"extra_attributes":{}},"package_hash":"6fpf3zdg7hq5rihyyy2uqirjv4cz6bqwuhxackeq22cszeyklvua====","hash":"yc3jrek434ak2k3zc6laj2vdk2xmmddm"},"pzszunjnbcbhbae634dhlvqphb5tvvi4":{"name":"gmake","version":"4.4.1","arch":{"platform":"linux","platform_os":"ubuntu22.04","target":{"name":"zen4","vendor":"AuthenticAMD","features":["abm","aes","avx","avx2","avx512_bf16","avx512_bitalg","avx512_vbmi2","avx512_vnni","avx512_vpopcntdq","avx512bw","avx512cd","avx512dq","avx512f","avx512ifma","avx512vbmi","avx512vl","bmi1","bmi2","clflushopt","clwb","clzero","cx16","f16c","flush_l1d","fma","fsgsbase","gfni","mmx","movbe","pclmulqdq","pku","popcnt","rdseed","sse","sse2","sse4_1","sse4_2","sse4a","ssse3","vaes","vpclmulqdq","xsavec","xsaveopt"],"generation":0,"parents":["zen3","x86_64_v4"]}},"compiler":{"name":"gcc","version":"11.4.0"},"namespace":"builtin","parameters":{"build_system":"generic","guile":false,"cflags":[],"cppflags":[],"cxxflags":[],"fflags":[],"ldflags":[],"ldlibs":[]},"package_hash":"ghstvqlc3r7kgiikwx24xhcxdxcqdk5viinrzgm2mssqigfonika====","dependencies":[{"name":"gcc-runtime","hash":"agt2ux2ntihxqtvwp23ma7ttyiqk5rtb","parameters":{"deptypes":["link"],"virtuals":[]}},{"name":"glibc","hash":"yc3jrek434ak2k3zc6laj2vdk2xmmddm","parameters":{"deptypes":["link"],"virtuals":["libc"]}}],"hash":"pzszunjnbcbhbae634dhlvqphb5tvvi4"},"d6rilyzzyc7u5uw42oscj4fbbjns75qs":{"name":"libfabric","version":"1.21.0","arch":{"platform":"linux","platform_os":"ubuntu22.04","target":{"name":"zen4","vendor":"AuthenticAMD","features":["abm","aes","avx","avx2","avx512_bf16","avx512_bitalg","avx512_vbmi2","avx512_vnni","avx512_vpopcntdq","avx512bw","avx512cd","avx512dq","avx512f","avx512ifma","avx512vbmi","avx512vl","bmi1","bmi2","clflushopt","clwb","clzero","cx16","f16c","flush_l1d","fma","fsgsbase","gfni","mmx","movbe","pclmulqdq","pku","popcnt","rdseed","sse","sse2","sse4_1","sse4_2","sse4a","ssse3","vaes","vpclmulqdq","xsavec","xsaveopt"],"generation":0,"parents":["zen3","x86_64_v4"]}},"compiler":{"name":"gcc","version":"11.4.0"},"namespace":"builtin","parameters":{"build_system":"autotools","debug":false,"fabrics":["rxm","sockets","tcp","udp","verbs"],"kdreg":false,"uring":false,"cflags":[],"cppflags":[],"cxxflags":[],"fflags":[],"ldflags":[],"ldlibs":[]},"package_hash":"k5bbjjlht63xsecmheqespnmkrqwmaltkqakjgkxhxlyl7b6sfla====","dependencies":[{"name":"gcc-runtime","hash":"agt2ux2ntihxqtvwp23ma7ttyiqk5rtb","parameters":{"deptypes":["link"],"virtuals":[]}},{"name":"glibc","hash":"yc3jrek434ak2k3zc6laj2vdk2xmmddm","parameters":{"deptypes":["link"],"virtuals":["libc"]}},{"name":"gmake","hash":"emszd7mjdup5mdcrfemv4ox2licrtrlu","parameters":{"deptypes":["build"],"virtuals":[]}},{"name":"rdma-core","hash":"ddqojwzsrzuvg45auclayeuoppvqibit","parameters":{"deptypes":["build","link"],"virtuals":[]}}],"hash":"d6rilyzzyc7u5uw42oscj4fbbjns75qs"},"emszd7mjdup5mdcrfemv4ox2licrtrlu":{"name":"gmake","version":"4.3","arch":{"platform":"linux","platform_os":"ubuntu22.04","target":{"name":"zen4","vendor":"AuthenticAMD","features":["abm","aes","avx","avx2","avx512_bf16","avx512_bitalg","avx512_vbmi2","avx512_vnni","avx512_vpopcntdq","avx512bw","avx512cd","avx512dq","avx512f","avx512ifma","avx512vbmi","avx512vl","bmi1","bmi2","clflushopt","clwb","clzero","cx16","f16c","flush_l1d","fma","fsgsbase","gfni","mmx","movbe","pclmulqdq","pku","popcnt","rdseed","sse","sse2","sse4_1","sse4_2","sse4a","ssse3","vaes","vpclmulqdq","xsavec","xsaveopt"],"generation":0,"parents":["zen3","x86_64_v4"]}},"compiler":{"name":"gcc","version":"12.3.0"},"namespace":"builtin","parameters":{"build_system":"generic","guile":false,"patches":["599f134e69f696ad1ff32b001ea132a49749ebd92ab2b4f4d26afdda2c33cc43"],"cflags":[],"cppflags":[],"cxxflags":[],"fflags":[],"ldflags":[],"ldlibs":[]},"external":{"path":"/usr","module":null,"extra_attributes":{}},"patches":["599f134e69f696ad1ff32b001ea132a49749ebd92ab2b4f4d26afdda2c33cc43"],"package_hash":"ppimgd7anyeb22txh6ng7gv5am6mb7ztteuyp34soteucy52beta====","hash":"emszd7mjdup5mdcrfemv4ox2licrtrlu"},"ddqojwzsrzuvg45auclayeuoppvqibit":{"name":"rdma-core","version":"51.0","arch":{"platform":"linux","platform_os":"ubuntu22.04","target":{"name":"zen4","vendor":"AuthenticAMD","features":["abm","aes","avx","avx2","avx512_bf16","avx512_bitalg","avx512_vbmi2","avx512_vnni","avx512_vpopcntdq","avx512bw","avx512cd","avx512dq","avx512f","avx512ifma","avx512vbmi","avx512vl","bmi1","bmi2","clflushopt","clwb","clzero","cx16","f16c","flush_l1d","fma","fsgsbase","gfni","mmx","movbe","pclmulqdq","pku","popcnt","rdseed","sse","sse2","sse4_1","sse4_2","sse4a","ssse3","vaes","vpclmulqdq","xsavec","xsaveopt"],"generation":0,"parents":["zen3","x86_64_v4"]}},"compiler":{"name":"gcc","version":"11.4.0"},"namespace":"builtin","parameters":{"build_system":"cmake","build_type":"Release","generator":"make","ipo":false,"man_pages":true,"pyverbs":true,"static":true,"cflags":[],"cppflags":[],"cxxflags":[],"fflags":[],"ldflags":[],"ldlibs":[]},"package_hash":"hpzrzkdyakn6wkapehfq6pqfc5iwgwaa2462g7vlp7upwne5ea5a====","dependencies":[{"name":"cmake","hash":"asa3hirg6fu3s7ekdas27d5wsojsqq4b","parameters":{"deptypes":["build"],"virtuals":[]}},{"name":"gcc-runtime","hash":"agt2ux2ntihxqtvwp23ma7ttyiqk5rtb","parameters":{"deptypes":["link"],"virtuals":[]}},{"name":"glibc","hash":"yc3jrek434ak2k3zc6laj2vdk2xmmddm","parameters":{"deptypes":["link"],"virtuals":["libc"]}},{"name":"gmake","hash":"emszd7mjdup5mdcrfemv4ox2licrtrlu","parameters":{"deptypes":["build"],"virtuals":[]}},{"name":"libnl","hash":"kyzf2ivdayuxk54bvhv2vqzdizzqaf2s","parameters":{"deptypes":["build","link"],"virtuals":[]}},{"name":"pkgconf","hash":"iyg5rsmdu2hqpbc7qillgwl72uf2cugs","parameters":{"deptypes":["build"],"virtuals":["pkgconfig"]}},{"name":"py-docutils","hash":"uaayg5ttmwzuimv3syhkqzisv2o6yoct","parameters":{"deptypes":["build"],"virtuals":[]}}],"hash":"ddqojwzsrzuvg45auclayeuoppvqibit"},"asa3hirg6fu3s7ekdas27d5wsojsqq4b":{"name":"cmake","version":"3.22.1","arch":{"platform":"linux","platform_os":"ubuntu22.04","target":{"name":"zen4","vendor":"AuthenticAMD","features":["abm","aes","avx","avx2","avx512_bf16","avx512_bitalg","avx512_vbmi2","avx512_vnni","avx512_vpopcntdq","avx512bw","avx512cd","avx512dq","avx512f","avx512ifma","avx512vbmi","avx512vl","bmi1","bmi2","clflushopt","clwb","clzero","cx16","f16c","flush_l1d","fma","fsgsbase","gfni","mmx","movbe","pclmulqdq","pku","popcnt","rdseed","sse","sse2","sse4_1","sse4_2","sse4a","ssse3","vaes","vpclmulqdq","xsavec","xsaveopt"],"generation":0,"parents":["zen3","x86_64_v4"]}},"compiler":{"name":"gcc","version":"12.3.0"},"namespace":"builtin","parameters":{"build_system":"generic","build_type":"Release","doc":false,"ncurses":true,"ownlibs":true,"cflags":[],"cppflags":[],"cxxflags":[],"fflags":[],"ldflags":[],"ldlibs":[]},"external":{"path":"/usr","module":null,"extra_attributes":{}},"package_hash":"6sq42jh7ne7l6hnkbj6rtqsndnsfmocskjotygt3mposgpvgpvla====","hash":"asa3hirg6fu3s7ekdas27d5wsojsqq4b"},"kyzf2ivdayuxk54bvhv2vqzdizzqaf2s":{"name":"libnl","version":"3.3.0","arch":{"platform":"linux","platform_os":"ubuntu22.04","target":{"name":"zen4","vendor":"AuthenticAMD","features":["abm","aes","avx","avx2","avx512_bf16","avx512_bitalg","avx512_vbmi2","avx512_vnni","avx512_vpopcntdq","avx512bw","avx512cd","avx512dq","avx512f","avx512ifma","avx512vbmi","avx512vl","bmi1","bmi2","clflushopt","clwb","clzero","cx16","f16c","flush_l1d","fma","fsgsbase","gfni","mmx","movbe","pclmulqdq","pku","popcnt","rdseed","sse","sse2","sse4_1","sse4_2","sse4a","ssse3","vaes","vpclmulqdq","xsavec","xsaveopt"],"generation":0,"parents":["zen3","x86_64_v4"]}},"compiler":{"name":"gcc","version":"11.4.0"},"namespace":"builtin","parameters":{"build_system":"autotools","cflags":[],"cppflags":[],"cxxflags":[],"fflags":[],"ldflags":[],"ldlibs":[]},"package_hash":"e2jvahqnici3rge7p77mul4hu347far2sftgpqoejakis5qtu53a====","dependencies":[{"name":"bison","hash":"z5xhcsy7rei4clerd2643jpnewoc67lv","parameters":{"deptypes":["build"],"virtuals":[]}},{"name":"flex","hash":"d4o6piaz4ve6t454wzh6ndvctlrtf7ig","parameters":{"deptypes":["build"],"virtuals":[]}},{"name":"gcc-runtime","hash":"agt2ux2ntihxqtvwp23ma7ttyiqk5rtb","parameters":{"deptypes":["link"],"virtuals":[]}},{"name":"glibc","hash":"yc3jrek434ak2k3zc6laj2vdk2xmmddm","parameters":{"deptypes":["link"],"virtuals":["libc"]}},{"name":"gmake","hash":"emszd7mjdup5mdcrfemv4ox2licrtrlu","parameters":{"deptypes":["build"],"virtuals":[]}},{"name":"m4","hash":"bhxcdvhhemz3rnfrisi4o6kkv2rlhslb","parameters":{"deptypes":["build"],"virtuals":[]}}],"hash":"kyzf2ivdayuxk54bvhv2vqzdizzqaf2s"},"z5xhcsy7rei4clerd2643jpnewoc67lv":{"name":"bison","version":"3.8.2","arch":{"platform":"linux","platform_os":"ubuntu22.04","target":{"name":"zen4","vendor":"AuthenticAMD","features":["abm","aes","avx","avx2","avx512_bf16","avx512_bitalg","avx512_vbmi2","avx512_vnni","avx512_vpopcntdq","avx512bw","avx512cd","avx512dq","avx512f","avx512ifma","avx512vbmi","avx512vl","bmi1","bmi2","clflushopt","clwb","clzero","cx16","f16c","flush_l1d","fma","fsgsbase","gfni","mmx","movbe","pclmulqdq","pku","popcnt","rdseed","sse","sse2","sse4_1","sse4_2","sse4a","ssse3","vaes","vpclmulqdq","xsavec","xsaveopt"],"generation":0,"parents":["zen3","x86_64_v4"]}},"compiler":{"name":"gcc","version":"11.4.0"},"namespace":"builtin","parameters":{"build_system":"autotools","color":false,"cflags":[],"cppflags":[],"cxxflags":[],"fflags":[],"ldflags":[],"ldlibs":[]},"package_hash":"d4j62fwvuxqbiez32ltjnhu47ac425wjebsy6fhoptv6saxazcxq====","dependencies":[{"name":"diffutils","hash":"nhnnou7fx44gjkytxbr5gttp3enoiaqn","parameters":{"deptypes":["build"],"virtuals":[]}},{"name":"gcc-runtime","hash":"agt2ux2ntihxqtvwp23ma7ttyiqk5rtb","parameters":{"deptypes":["link"],"virtuals":[]}},{"name":"glibc","hash":"yc3jrek434ak2k3zc6laj2vdk2xmmddm","parameters":{"deptypes":["link"],"virtuals":["libc"]}},{"name":"gmake","hash":"emszd7mjdup5mdcrfemv4ox2licrtrlu","parameters":{"deptypes":["build"],"virtuals":[]}},{"name":"m4","hash":"bhxcdvhhemz3rnfrisi4o6kkv2rlhslb","parameters":{"deptypes":["build","run"],"virtuals":[]}}],"hash":"z5xhcsy7rei4clerd2643jpnewoc67lv"},"nhnnou7fx44gjkytxbr5gttp3enoiaqn":{"name":"diffutils","version":"3.8","arch":{"platform":"linux","platform_os":"ubuntu22.04","target":{"name":"zen4","vendor":"AuthenticAMD","features":["abm","aes","avx","avx2","avx512_bf16","avx512_bitalg","avx512_vbmi2","avx512_vnni","avx512_vpopcntdq","avx512bw","avx512cd","avx512dq","avx512f","avx512ifma","avx512vbmi","avx512vl","bmi1","bmi2","clflushopt","clwb","clzero","cx16","f16c","flush_l1d","fma","fsgsbase","gfni","mmx","movbe","pclmulqdq","pku","popcnt","rdseed","sse","sse2","sse4_1","sse4_2","sse4a","ssse3","vaes","vpclmulqdq","xsavec","xsaveopt"],"generation":0,"parents":["zen3","x86_64_v4"]}},"compiler":{"name":"gcc","version":"12.3.0"},"namespace":"builtin","parameters":{"build_system":"autotools","cflags":[],"cppflags":[],"cxxflags":[],"fflags":[],"ldflags":[],"ldlibs":[]},"external":{"path":"/usr","module":null,"extra_attributes":{}},"package_hash":"jv4gzc4vymljleyxlrnpauwx6pzt7kwz3ppu2cmw2ndcbxmupocq====","hash":"nhnnou7fx44gjkytxbr5gttp3enoiaqn"},"bhxcdvhhemz3rnfrisi4o6kkv2rlhslb":{"name":"m4","version":"1.4.18","arch":{"platform":"linux","platform_os":"ubuntu22.04","target":{"name":"zen4","vendor":"AuthenticAMD","features":["abm","aes","avx","avx2","avx512_bf16","avx512_bitalg","avx512_vbmi2","avx512_vnni","avx512_vpopcntdq","avx512bw","avx512cd","avx512dq","avx512f","avx512ifma","avx512vbmi","avx512vl","bmi1","bmi2","clflushopt","clwb","clzero","cx16","f16c","flush_l1d","fma","fsgsbase","gfni","mmx","movbe","pclmulqdq","pku","popcnt","rdseed","sse","sse2","sse4_1","sse4_2","sse4a","ssse3","vaes","vpclmulqdq","xsavec","xsaveopt"],"generation":0,"parents":["zen3","x86_64_v4"]}},"compiler":{"name":"gcc","version":"12.3.0"},"namespace":"builtin","parameters":{"build_system":"autotools","patches":["3877ab548f88597ab2327a2230ee048d2d07ace1062efe81fc92e91b7f39cd00","fc9b61654a3ba1a8d6cd78ce087e7c96366c290bc8d2c299f09828d793b853c8"],"sigsegv":true,"cflags":[],"cppflags":[],"cxxflags":[],"fflags":[],"ldflags":[],"ldlibs":[]},"external":{"path":"/usr","module":null,"extra_attributes":{}},"patches":["3877ab548f88597ab2327a2230ee048d2d07ace1062efe81fc92e91b7f39cd00","fc9b61654a3ba1a8d6cd78ce087e7c96366c290bc8d2c299f09828d793b853c8"],"package_hash":"o4aclgipkjpdu727kjn7ylaiv2g6ffi2geldm5ljeicl6ik774na====","hash":"bhxcdvhhemz3rnfrisi4o6kkv2rlhslb"},"d4o6piaz4ve6t454wzh6ndvctlrtf7ig":{"name":"flex","version":"2.6.3","arch":{"platform":"linux","platform_os":"ubuntu22.04","target":{"name":"zen4","vendor":"AuthenticAMD","features":["abm","aes","avx","avx2","avx512_bf16","avx512_bitalg","avx512_vbmi2","avx512_vnni","avx512_vpopcntdq","avx512bw","avx512cd","avx512dq","avx512f","avx512ifma","avx512vbmi","avx512vl","bmi1","bmi2","clflushopt","clwb","clzero","cx16","f16c","flush_l1d","fma","fsgsbase","gfni","mmx","movbe","pclmulqdq","pku","popcnt","rdseed","sse","sse2","sse4_1","sse4_2","sse4a","ssse3","vaes","vpclmulqdq","xsavec","xsaveopt"],"generation":0,"parents":["zen3","x86_64_v4"]}},"compiler":{"name":"gcc","version":"11.4.0"},"namespace":"builtin","parameters":{"build_system":"autotools","lex":true,"nls":false,"cflags":[],"cppflags":[],"cxxflags":[],"fflags":[],"ldflags":[],"ldlibs":[]},"package_hash":"hnrei25si3s2q2dej6m46mdki7nvrsrdrx5u3nnoh5mehmbws3wq====","dependencies":[{"name":"bison","hash":"z5xhcsy7rei4clerd2643jpnewoc67lv","parameters":{"deptypes":["build"],"virtuals":[]}},{"name":"diffutils","hash":"nhnnou7fx44gjkytxbr5gttp3enoiaqn","parameters":{"deptypes":["build"],"virtuals":[]}},{"name":"findutils","hash":"qw4j55qmj7keggg6qqx6mnls2vgklb5w","parameters":{"deptypes":["build"],"virtuals":[]}},{"name":"gcc-runtime","hash":"agt2ux2ntihxqtvwp23ma7ttyiqk5rtb","parameters":{"deptypes":["link"],"virtuals":[]}},{"name":"glibc","hash":"yc3jrek434ak2k3zc6laj2vdk2xmmddm","parameters":{"deptypes":["link"],"virtuals":["libc"]}},{"name":"gmake","hash":"emszd7mjdup5mdcrfemv4ox2licrtrlu","parameters":{"deptypes":["build"],"virtuals":[]}},{"name":"m4","hash":"bhxcdvhhemz3rnfrisi4o6kkv2rlhslb","parameters":{"deptypes":["build"],"virtuals":[]}}],"hash":"d4o6piaz4ve6t454wzh6ndvctlrtf7ig"},"qw4j55qmj7keggg6qqx6mnls2vgklb5w":{"name":"findutils","version":"4.8.0","arch":{"platform":"linux","platform_os":"ubuntu22.04","target":{"name":"zen4","vendor":"AuthenticAMD","features":["abm","aes","avx","avx2","avx512_bf16","avx512_bitalg","avx512_vbmi2","avx512_vnni","avx512_vpopcntdq","avx512bw","avx512cd","avx512dq","avx512f","avx512ifma","avx512vbmi","avx512vl","bmi1","bmi2","clflushopt","clwb","clzero","cx16","f16c","flush_l1d","fma","fsgsbase","gfni","mmx","movbe","pclmulqdq","pku","popcnt","rdseed","sse","sse2","sse4_1","sse4_2","sse4a","ssse3","vaes","vpclmulqdq","xsavec","xsaveopt"],"generation":0,"parents":["zen3","x86_64_v4"]}},"compiler":{"name":"gcc","version":"12.3.0"},"namespace":"builtin","parameters":{"build_system":"autotools","patches":["440b9543365b4692a2e6e0b5674809659846658d34d1dfc542c4397c8d668b92"],"cflags":[],"cppflags":[],"cxxflags":[],"fflags":[],"ldflags":[],"ldlibs":[]},"external":{"path":"/usr","module":null,"extra_attributes":{}},"patches":["440b9543365b4692a2e6e0b5674809659846658d34d1dfc542c4397c8d668b92"],"package_hash":"podrfb7nuh4u2lpbaek56kkuqu7xo27hlllslty2qpdhdl2pfzza====","hash":"qw4j55qmj7keggg6qqx6mnls2vgklb5w"},"iyg5rsmdu2hqpbc7qillgwl72uf2cugs":{"name":"pkgconf","version":"1.8.0","arch":{"platform":"linux","platform_os":"ubuntu22.04","target":{"name":"zen4","vendor":"AuthenticAMD","features":["abm","aes","avx","avx2","avx512_bf16","avx512_bitalg","avx512_vbmi2","avx512_vnni","avx512_vpopcntdq","avx512bw","avx512cd","avx512dq","avx512f","avx512ifma","avx512vbmi","avx512vl","bmi1","bmi2","clflushopt","clwb","clzero","cx16","f16c","flush_l1d","fma","fsgsbase","gfni","mmx","movbe","pclmulqdq","pku","popcnt","rdseed","sse","sse2","sse4_1","sse4_2","sse4a","ssse3","vaes","vpclmulqdq","xsavec","xsaveopt"],"generation":0,"parents":["zen3","x86_64_v4"]}},"compiler":{"name":"gcc","version":"12.3.0"},"namespace":"builtin","parameters":{"build_system":"autotools","cflags":[],"cppflags":[],"cxxflags":[],"fflags":[],"ldflags":[],"ldlibs":[]},"external":{"path":"/usr","module":null,"extra_attributes":{}},"package_hash":"apogevriu3dvlhz37de3u4pruigfnvdeoen2qpwa5kbltgoragba====","hash":"iyg5rsmdu2hqpbc7qillgwl72uf2cugs"},"uaayg5ttmwzuimv3syhkqzisv2o6yoct":{"name":"py-docutils","version":"0.20.1","arch":{"platform":"linux","platform_os":"ubuntu22.04","target":{"name":"zen4","vendor":"AuthenticAMD","features":["abm","aes","avx","avx2","avx512_bf16","avx512_bitalg","avx512_vbmi2","avx512_vnni","avx512_vpopcntdq","avx512bw","avx512cd","avx512dq","avx512f","avx512ifma","avx512vbmi","avx512vl","bmi1","bmi2","clflushopt","clwb","clzero","cx16","f16c","flush_l1d","fma","fsgsbase","gfni","mmx","movbe","pclmulqdq","pku","popcnt","rdseed","sse","sse2","sse4_1","sse4_2","sse4a","ssse3","vaes","vpclmulqdq","xsavec","xsaveopt"],"generation":0,"parents":["zen3","x86_64_v4"]}},"compiler":{"name":"gcc","version":"12.3.0"},"namespace":"builtin","parameters":{"build_system":"python_pip","cflags":[],"cppflags":[],"cxxflags":[],"fflags":[],"ldflags":[],"ldlibs":[]},"package_hash":"qwsjhtjethgpasaih6ylpptn2t5k2d2qqxy3knafi3admje3ry3q====","dependencies":[{"name":"gcc-runtime","hash":"agt2ux2ntihxqtvwp23ma7ttyiqk5rtb","parameters":{"deptypes":["link"],"virtuals":[]}},{"name":"glibc","hash":"ymvjun5n5lt2ya3vpkq5cjiymguv44z3","parameters":{"deptypes":["link"],"virtuals":["libc"]}},{"name":"py-pip","hash":"5ls5pp3q4qqgru3j6adag7deixgajyng","parameters":{"deptypes":["build"],"virtuals":[]}},{"name":"py-setuptools","hash":"6aa4qgqhgx67x6v4i7vf43yrm5bgsl5e","parameters":{"deptypes":["build"],"virtuals":[]}},{"name":"py-wheel","hash":"uik3y34cp5tt3hkrez4jft53ewefbgrr","parameters":{"deptypes":["build"],"virtuals":[]}},{"name":"python","hash":"nl3dnwf77a4ck54kjnl64n5y4kwqkrri","parameters":{"deptypes":["build","run"],"virtuals":[]}},{"name":"python-venv","hash":"mhtg46qhp6vazwqu3vtom4rb5t7chnul","parameters":{"deptypes":["build","run"],"virtuals":[]}}],"hash":"uaayg5ttmwzuimv3syhkqzisv2o6yoct"},"5ls5pp3q4qqgru3j6adag7deixgajyng":{"name":"py-pip","version":"23.1.2","arch":{"platform":"linux","platform_os":"ubuntu22.04","target":{"name":"zen4","vendor":"AuthenticAMD","features":["abm","aes","avx","avx2","avx512_bf16","avx512_bitalg","avx512_vbmi2","avx512_vnni","avx512_vpopcntdq","avx512bw","avx512cd","avx512dq","avx512f","avx512ifma","avx512vbmi","avx512vl","bmi1","bmi2","clflushopt","clwb","clzero","cx16","f16c","flush_l1d","fma","fsgsbase","gfni","mmx","movbe","pclmulqdq","pku","popcnt","rdseed","sse","sse2","sse4_1","sse4_2","sse4a","ssse3","vaes","vpclmulqdq","xsavec","xsaveopt"],"generation":0,"parents":["zen3","x86_64_v4"]}},"compiler":{"name":"gcc","version":"12.3.0"},"namespace":"builtin","parameters":{"build_system":"generic","cflags":[],"cppflags":[],"cxxflags":[],"fflags":[],"ldflags":[],"ldlibs":[]},"package_hash":"zjwaxz2vaxmfqrd672m4cwi7wwq72lw6rxuayrjdd7sprejlnhca====","dependencies":[{"name":"gcc-runtime","hash":"agt2ux2ntihxqtvwp23ma7ttyiqk5rtb","parameters":{"deptypes":["link"],"virtuals":[]}},{"name":"glibc","hash":"ymvjun5n5lt2ya3vpkq5cjiymguv44z3","parameters":{"deptypes":["link"],"virtuals":["libc"]}},{"name":"python","hash":"nl3dnwf77a4ck54kjnl64n5y4kwqkrri","parameters":{"deptypes":["build","run"],"virtuals":[]}},{"name":"python-venv","hash":"mhtg46qhp6vazwqu3vtom4rb5t7chnul","parameters":{"deptypes":["build","run"],"virtuals":[]}}],"hash":"5ls5pp3q4qqgru3j6adag7deixgajyng"},"nl3dnwf77a4ck54kjnl64n5y4kwqkrri":{"name":"python","version":"3.10.12","arch":{"platform":"linux","platform_os":"ubuntu22.04","target":{"name":"zen4","vendor":"AuthenticAMD","features":["abm","aes","avx","avx2","avx512_bf16","avx512_bitalg","avx512_vbmi2","avx512_vnni","avx512_vpopcntdq","avx512bw","avx512cd","avx512dq","avx512f","avx512ifma","avx512vbmi","avx512vl","bmi1","bmi2","clflushopt","clwb","clzero","cx16","f16c","flush_l1d","fma","fsgsbase","gfni","mmx","movbe","pclmulqdq","pku","popcnt","rdseed","sse","sse2","sse4_1","sse4_2","sse4a","ssse3","vaes","vpclmulqdq","xsavec","xsaveopt"],"generation":0,"parents":["zen3","x86_64_v4"]}},"compiler":{"name":"gcc","version":"12.3.0"},"namespace":"builtin","parameters":{"build_system":"generic","bz2":true,"crypt":true,"ctypes":true,"dbm":true,"debug":false,"libxml2":true,"lzma":true,"nis":true,"optimizations":false,"patches":["0d98e93189bc278fbc37a50ed7f183bd8aaf249a8e1670a465f0db6bb4f8cf87","7d4092366f2e9c19ba85132402e70eb96cac94fdda6a33810c2a980a129c7a22","ebdca648c9c1d25f586d7e2a495b62e6d91973b55264a13d89eda1beff72ef56","f2fd060afc4b4618fe8104c4c5d771f36dc55b1db5a4623785a4ea707ec72fb4"],"pic":true,"pyexpat":true,"pythoncmd":false,"readline":true,"shared":true,"sqlite3":true,"ssl":true,"tkinter":false,"uuid":true,"zlib":true,"cflags":[],"cppflags":[],"cxxflags":[],"fflags":[],"ldflags":[],"ldlibs":[]},"external":{"path":"/usr","module":null,"extra_attributes":{}},"patches":["0d98e93189bc278fbc37a50ed7f183bd8aaf249a8e1670a465f0db6bb4f8cf87","f2fd060afc4b4618fe8104c4c5d771f36dc55b1db5a4623785a4ea707ec72fb4","7d4092366f2e9c19ba85132402e70eb96cac94fdda6a33810c2a980a129c7a22","ebdca648c9c1d25f586d7e2a495b62e6d91973b55264a13d89eda1beff72ef56"],"package_hash":"m5zpn47mxrcisgdhccnlzghpmgb277ykr7poxj43oljaabpcersq====","hash":"nl3dnwf77a4ck54kjnl64n5y4kwqkrri"},"mhtg46qhp6vazwqu3vtom4rb5t7chnul":{"name":"python-venv","version":"1.0","arch":{"platform":"linux","platform_os":"ubuntu22.04","target":{"name":"zen4","vendor":"AuthenticAMD","features":["abm","aes","avx","avx2","avx512_bf16","avx512_bitalg","avx512_vbmi2","avx512_vnni","avx512_vpopcntdq","avx512bw","avx512cd","avx512dq","avx512f","avx512ifma","avx512vbmi","avx512vl","bmi1","bmi2","clflushopt","clwb","clzero","cx16","f16c","flush_l1d","fma","fsgsbase","gfni","mmx","movbe","pclmulqdq","pku","popcnt","rdseed","sse","sse2","sse4_1","sse4_2","sse4a","ssse3","vaes","vpclmulqdq","xsavec","xsaveopt"],"generation":0,"parents":["zen3","x86_64_v4"]}},"compiler":{"name":"gcc","version":"12.3.0"},"namespace":"builtin","parameters":{"build_system":"generic","cflags":[],"cppflags":[],"cxxflags":[],"fflags":[],"ldflags":[],"ldlibs":[]},"package_hash":"bvjgntlwbvi343x5ctophqqvq6nbx2h4ggbxnjrvnjb3jneitahq====","dependencies":[{"name":"gcc-runtime","hash":"agt2ux2ntihxqtvwp23ma7ttyiqk5rtb","parameters":{"deptypes":["link"],"virtuals":[]}},{"name":"glibc","hash":"ymvjun5n5lt2ya3vpkq5cjiymguv44z3","parameters":{"deptypes":["link"],"virtuals":["libc"]}},{"name":"python","hash":"nl3dnwf77a4ck54kjnl64n5y4kwqkrri","parameters":{"deptypes":["build","run"],"virtuals":[]}}],"hash":"mhtg46qhp6vazwqu3vtom4rb5t7chnul"},"6aa4qgqhgx67x6v4i7vf43yrm5bgsl5e":{"name":"py-setuptools","version":"69.2.0","arch":{"platform":"linux","platform_os":"ubuntu22.04","target":{"name":"zen4","vendor":"AuthenticAMD","features":["abm","aes","avx","avx2","avx512_bf16","avx512_bitalg","avx512_vbmi2","avx512_vnni","avx512_vpopcntdq","avx512bw","avx512cd","avx512dq","avx512f","avx512ifma","avx512vbmi","avx512vl","bmi1","bmi2","clflushopt","clwb","clzero","cx16","f16c","flush_l1d","fma","fsgsbase","gfni","mmx","movbe","pclmulqdq","pku","popcnt","rdseed","sse","sse2","sse4_1","sse4_2","sse4a","ssse3","vaes","vpclmulqdq","xsavec","xsaveopt"],"generation":0,"parents":["zen3","x86_64_v4"]}},"compiler":{"name":"gcc","version":"12.3.0"},"namespace":"builtin","parameters":{"build_system":"generic","cflags":[],"cppflags":[],"cxxflags":[],"fflags":[],"ldflags":[],"ldlibs":[]},"package_hash":"sup7sadh6tcw55cko3qoiebu32lsr72f4a2kyng6v6fqs6cd4a3q====","dependencies":[{"name":"gcc-runtime","hash":"agt2ux2ntihxqtvwp23ma7ttyiqk5rtb","parameters":{"deptypes":["link"],"virtuals":[]}},{"name":"glibc","hash":"ymvjun5n5lt2ya3vpkq5cjiymguv44z3","parameters":{"deptypes":["link"],"virtuals":["libc"]}},{"name":"py-pip","hash":"5ls5pp3q4qqgru3j6adag7deixgajyng","parameters":{"deptypes":["build"],"virtuals":[]}},{"name":"python","hash":"nl3dnwf77a4ck54kjnl64n5y4kwqkrri","parameters":{"deptypes":["build","run"],"virtuals":[]}},{"name":"python-venv","hash":"mhtg46qhp6vazwqu3vtom4rb5t7chnul","parameters":{"deptypes":["build","run"],"virtuals":[]}}],"hash":"6aa4qgqhgx67x6v4i7vf43yrm5bgsl5e"},"uik3y34cp5tt3hkrez4jft53ewefbgrr":{"name":"py-wheel","version":"0.41.2","arch":{"platform":"linux","platform_os":"ubuntu22.04","target":{"name":"zen4","vendor":"AuthenticAMD","features":["abm","aes","avx","avx2","avx512_bf16","avx512_bitalg","avx512_vbmi2","avx512_vnni","avx512_vpopcntdq","avx512bw","avx512cd","avx512dq","avx512f","avx512ifma","avx512vbmi","avx512vl","bmi1","bmi2","clflushopt","clwb","clzero","cx16","f16c","flush_l1d","fma","fsgsbase","gfni","mmx","movbe","pclmulqdq","pku","popcnt","rdseed","sse","sse2","sse4_1","sse4_2","sse4a","ssse3","vaes","vpclmulqdq","xsavec","xsaveopt"],"generation":0,"parents":["zen3","x86_64_v4"]}},"compiler":{"name":"gcc","version":"12.3.0"},"namespace":"builtin","parameters":{"build_system":"generic","cflags":[],"cppflags":[],"cxxflags":[],"fflags":[],"ldflags":[],"ldlibs":[]},"package_hash":"ncf2pyddei7m3bjcwoikx6my3sgsp7srmocchgp5i2i3npfbr2aa====","dependencies":[{"name":"gcc-runtime","hash":"agt2ux2ntihxqtvwp23ma7ttyiqk5rtb","parameters":{"deptypes":["link"],"virtuals":[]}},{"name":"glibc","hash":"ymvjun5n5lt2ya3vpkq5cjiymguv44z3","parameters":{"deptypes":["link"],"virtuals":["libc"]}},{"name":"py-pip","hash":"5ls5pp3q4qqgru3j6adag7deixgajyng","parameters":{"deptypes":["build"],"virtuals":[]}},{"name":"python","hash":"nl3dnwf77a4ck54kjnl64n5y4kwqkrri","parameters":{"deptypes":["build","run"],"virtuals":[]}},{"name":"python-venv","hash":"mhtg46qhp6vazwqu3vtom4rb5t7chnul","parameters":{"deptypes":["build","run"],"virtuals":[]}}],"hash":"uik3y34cp5tt3hkrez4jft53ewefbgrr"},"fkccsnclp3qqfbqnjpdb5pl7326qtpck":{"name":"libfuse","version":"2.9.9","arch":{"platform":"linux","platform_os":"ubuntu22.04","target":{"name":"zen4","vendor":"AuthenticAMD","features":["abm","aes","avx","avx2","avx512_bf16","avx512_bitalg","avx512_vbmi2","avx512_vnni","avx512_vpopcntdq","avx512bw","avx512cd","avx512dq","avx512f","avx512ifma","avx512vbmi","avx512vl","bmi1","bmi2","clflushopt","clwb","clzero","cx16","f16c","flush_l1d","fma","fsgsbase","gfni","mmx","movbe","pclmulqdq","pku","popcnt","rdseed","sse","sse2","sse4_1","sse4_2","sse4a","ssse3","vaes","vpclmulqdq","xsavec","xsaveopt"],"generation":0,"parents":["zen3","x86_64_v4"]}},"compiler":{"name":"gcc","version":"11.4.0"},"namespace":"builtin","parameters":{"build_system":"meson","buildtype":"release","default_library":["shared"],"patches":["2e265d31628175ce9dcea1ca2e423fdbed9469e2ace6b24a7fe7a72cb54b1da9","6b7ea8451d29944adb2fdc1bd119c93e74fe54431b1315f148a071015343ec1a","94d5c6d9785471147506851b023cb111ef2081d1c0e695728037bbf4f64ce30a"],"strip":false,"system_install":false,"useroot":false,"utils":true,"cflags":[],"cppflags":[],"cxxflags":[],"fflags":[],"ldflags":[],"ldlibs":[]},"external":{"path":"/usr","module":null,"extra_attributes":{}},"patches":["2e265d31628175ce9dcea1ca2e423fdbed9469e2ace6b24a7fe7a72cb54b1da9","6b7ea8451d29944adb2fdc1bd119c93e74fe54431b1315f148a071015343ec1a","94d5c6d9785471147506851b023cb111ef2081d1c0e695728037bbf4f64ce30a"],"package_hash":"ypete6nc4jtxbq3qyz4t5npknmdnjfuek56mcju4ididrjqvhzea====","hash":"fkccsnclp3qqfbqnjpdb5pl7326qtpck"},"my3cuuezucjuqtbulr5h7z65y476ebk2":{"name":"libtool","version":"2.4.6","arch":{"platform":"linux","platform_os":"ubuntu22.04","target":{"name":"zen4","vendor":"AuthenticAMD","features":["abm","aes","avx","avx2","avx512_bf16","avx512_bitalg","avx512_vbmi2","avx512_vnni","avx512_vpopcntdq","avx512bw","avx512cd","avx512dq","avx512f","avx512ifma","avx512vbmi","avx512vl","bmi1","bmi2","clflushopt","clwb","clzero","cx16","f16c","flush_l1d","fma","fsgsbase","gfni","mmx","movbe","pclmulqdq","pku","popcnt","rdseed","sse","sse2","sse4_1","sse4_2","sse4a","ssse3","vaes","vpclmulqdq","xsavec","xsaveopt"],"generation":0,"parents":["zen3","x86_64_v4"]}},"compiler":{"name":"gcc","version":"12.3.0"},"namespace":"builtin","parameters":{"build_system":"autotools","cflags":[],"cppflags":[],"cxxflags":[],"fflags":[],"ldflags":[],"ldlibs":[]},"external":{"path":"/usr","module":null,"extra_attributes":{}},"package_hash":"j36yrn6u2zfelltggatklj4g4wjfies7l2lwikrnejm4hepg2mdq====","hash":"my3cuuezucjuqtbulr5h7z65y476ebk2"},"k3txaje3vewuien2ugwwzuppo3kjlxxd":{"name":"mochi-margo","version":"0.17.0","arch":{"platform":"linux","platform_os":"ubuntu22.04","target":{"name":"zen4","vendor":"AuthenticAMD","features":["abm","aes","avx","avx2","avx512_bf16","avx512_bitalg","avx512_vbmi2","avx512_vnni","avx512_vpopcntdq","avx512bw","avx512cd","avx512dq","avx512f","avx512ifma","avx512vbmi","avx512vl","bmi1","bmi2","clflushopt","clwb","clzero","cx16","f16c","flush_l1d","fma","fsgsbase","gfni","mmx","movbe","pclmulqdq","pku","popcnt","rdseed","sse","sse2","sse4_1","sse4_2","sse4a","ssse3","vaes","vpclmulqdq","xsavec","xsaveopt"],"generation":0,"parents":["zen3","x86_64_v4"]}},"compiler":{"name":"gcc","version":"11.4.0"},"namespace":"builtin","parameters":{"build_system":"autotools","cflags":[],"cppflags":[],"cxxflags":[],"fflags":[],"ldflags":[],"ldlibs":[]},"package_hash":"eji2234d7ej4sncaqigfee2uk4auzres3rhswpkzmiavkzigkaka====","dependencies":[{"name":"argobots","hash":"dl5jx2u5ujewuxgspvsyl7sdkg4gnh6v","parameters":{"deptypes":["build","link"],"virtuals":[]}},{"name":"autoconf","hash":"x2s6jjhh2tsojgyx3pnxbrymgvo775xg","parameters":{"deptypes":["build"],"virtuals":[]}},{"name":"automake","hash":"waw43yqc6eoddmup5m6a4bp52qz6ocu5","parameters":{"deptypes":["build"],"virtuals":[]}},{"name":"gcc-runtime","hash":"agt2ux2ntihxqtvwp23ma7ttyiqk5rtb","parameters":{"deptypes":["link"],"virtuals":[]}},{"name":"glibc","hash":"yc3jrek434ak2k3zc6laj2vdk2xmmddm","parameters":{"deptypes":["link"],"virtuals":["libc"]}},{"name":"gmake","hash":"emszd7mjdup5mdcrfemv4ox2licrtrlu","parameters":{"deptypes":["build"],"virtuals":[]}},{"name":"json-c","hash":"pucgzj62c75mu6sqklwciwxr4odsr5ha","parameters":{"deptypes":["build","link"],"virtuals":[]}},{"name":"libtool","hash":"my3cuuezucjuqtbulr5h7z65y476ebk2","parameters":{"deptypes":["build"],"virtuals":[]}},{"name":"m4","hash":"bhxcdvhhemz3rnfrisi4o6kkv2rlhslb","parameters":{"deptypes":["build"],"virtuals":[]}},{"name":"mercury","hash":"73b2e2xkeuibm2lumwr6eyaguasf64yx","parameters":{"deptypes":["build","link","run"],"virtuals":[]}},{"name":"pkgconf","hash":"iyg5rsmdu2hqpbc7qillgwl72uf2cugs","parameters":{"deptypes":["build"],"virtuals":["pkgconfig"]}}],"hash":"k3txaje3vewuien2ugwwzuppo3kjlxxd"},"dl5jx2u5ujewuxgspvsyl7sdkg4gnh6v":{"name":"argobots","version":"1.2","arch":{"platform":"linux","platform_os":"ubuntu22.04","target":{"name":"zen4","vendor":"AuthenticAMD","features":["abm","aes","avx","avx2","avx512_bf16","avx512_bitalg","avx512_vbmi2","avx512_vnni","avx512_vpopcntdq","avx512bw","avx512cd","avx512dq","avx512f","avx512ifma","avx512vbmi","avx512vl","bmi1","bmi2","clflushopt","clwb","clzero","cx16","f16c","flush_l1d","fma","fsgsbase","gfni","mmx","movbe","pclmulqdq","pku","popcnt","rdseed","sse","sse2","sse4_1","sse4_2","sse4a","ssse3","vaes","vpclmulqdq","xsavec","xsaveopt"],"generation":0,"parents":["zen3","x86_64_v4"]}},"compiler":{"name":"gcc","version":"11.4.0"},"namespace":"builtin","parameters":{"affinity":false,"build_system":"autotools","debug":false,"perf":true,"stackguard":"none","stackunwind":false,"tool":false,"valgrind":false,"cflags":[],"cppflags":[],"cxxflags":[],"fflags":[],"ldflags":[],"ldlibs":[]},"package_hash":"jn4oa7z5td3x5osrokekoy7scf4pjqtk5yvrc2en5ir6ll3m3guq====","dependencies":[{"name":"gcc-runtime","hash":"agt2ux2ntihxqtvwp23ma7ttyiqk5rtb","parameters":{"deptypes":["link"],"virtuals":[]}},{"name":"glibc","hash":"yc3jrek434ak2k3zc6laj2vdk2xmmddm","parameters":{"deptypes":["link"],"virtuals":["libc"]}},{"name":"gmake","hash":"emszd7mjdup5mdcrfemv4ox2licrtrlu","parameters":{"deptypes":["build"],"virtuals":[]}}],"hash":"dl5jx2u5ujewuxgspvsyl7sdkg4gnh6v"},"pucgzj62c75mu6sqklwciwxr4odsr5ha":{"name":"json-c","version":"0.16","arch":{"platform":"linux","platform_os":"ubuntu22.04","target":{"name":"zen4","vendor":"AuthenticAMD","features":["abm","aes","avx","avx2","avx512_bf16","avx512_bitalg","avx512_vbmi2","avx512_vnni","avx512_vpopcntdq","avx512bw","avx512cd","avx512dq","avx512f","avx512ifma","avx512vbmi","avx512vl","bmi1","bmi2","clflushopt","clwb","clzero","cx16","f16c","flush_l1d","fma","fsgsbase","gfni","mmx","movbe","pclmulqdq","pku","popcnt","rdseed","sse","sse2","sse4_1","sse4_2","sse4a","ssse3","vaes","vpclmulqdq","xsavec","xsaveopt"],"generation":0,"parents":["zen3","x86_64_v4"]}},"compiler":{"name":"gcc","version":"11.4.0"},"namespace":"builtin","parameters":{"build_system":"cmake","build_type":"Release","generator":"make","ipo":false,"cflags":[],"cppflags":[],"cxxflags":[],"fflags":[],"ldflags":[],"ldlibs":[]},"package_hash":"no5lzmk3mfxiq7mdjvkii33zm4yk54magfpruvmcimhi63bmqzlq====","dependencies":[{"name":"cmake","hash":"asa3hirg6fu3s7ekdas27d5wsojsqq4b","parameters":{"deptypes":["build"],"virtuals":[]}},{"name":"gcc-runtime","hash":"agt2ux2ntihxqtvwp23ma7ttyiqk5rtb","parameters":{"deptypes":["link"],"virtuals":[]}},{"name":"glibc","hash":"yc3jrek434ak2k3zc6laj2vdk2xmmddm","parameters":{"deptypes":["link"],"virtuals":["libc"]}},{"name":"gmake","hash":"emszd7mjdup5mdcrfemv4ox2licrtrlu","parameters":{"deptypes":["build"],"virtuals":[]}}],"hash":"pucgzj62c75mu6sqklwciwxr4odsr5ha"},"73b2e2xkeuibm2lumwr6eyaguasf64yx":{"name":"mercury","version":"2.3.1","arch":{"platform":"linux","platform_os":"ubuntu22.04","target":{"name":"zen4","vendor":"AuthenticAMD","features":["abm","aes","avx","avx2","avx512_bf16","avx512_bitalg","avx512_vbmi2","avx512_vnni","avx512_vpopcntdq","avx512bw","avx512cd","avx512dq","avx512f","avx512ifma","avx512vbmi","avx512vl","bmi1","bmi2","clflushopt","clwb","clzero","cx16","f16c","flush_l1d","fma","fsgsbase","gfni","mmx","movbe","pclmulqdq","pku","popcnt","rdseed","sse","sse2","sse4_1","sse4_2","sse4a","ssse3","vaes","vpclmulqdq","xsavec","xsaveopt"],"generation":0,"parents":["zen3","x86_64_v4"]}},"compiler":{"name":"gcc","version":"11.4.0"},"namespace":"builtin","parameters":{"bmi":false,"boostsys":false,"build_system":"cmake","build_type":"Release","checksum":true,"debug":false,"generator":"make","hwloc":false,"ipo":false,"mpi":false,"ofi":true,"psm":false,"psm2":false,"shared":true,"sm":true,"ucx":false,"udreg":false,"cflags":[],"cppflags":[],"cxxflags":[],"fflags":[],"ldflags":[],"ldlibs":[]},"package_hash":"ctq6sf552jmzmbsuwuhkm527kihksxgoljynfgmcmr7nbg44ij7q====","dependencies":[{"name":"cmake","hash":"asa3hirg6fu3s7ekdas27d5wsojsqq4b","parameters":{"deptypes":["build"],"virtuals":[]}},{"name":"gcc-runtime","hash":"agt2ux2ntihxqtvwp23ma7ttyiqk5rtb","parameters":{"deptypes":["link"],"virtuals":[]}},{"name":"glibc","hash":"yc3jrek434ak2k3zc6laj2vdk2xmmddm","parameters":{"deptypes":["link"],"virtuals":["libc"]}},{"name":"gmake","hash":"emszd7mjdup5mdcrfemv4ox2licrtrlu","parameters":{"deptypes":["build"],"virtuals":[]}},{"name":"libfabric","hash":"d6rilyzzyc7u5uw42oscj4fbbjns75qs","parameters":{"deptypes":["build","link"],"virtuals":[]}}],"hash":"73b2e2xkeuibm2lumwr6eyaguasf64yx"}}}